// !$*UTF8*$!
{
	archiveVersion = 1;
	classes = {
	};
	objectVersion = 55;
	objects = {

/* Begin PBXBuildFile section */
		AF70B2802700EF65007A78A3 /* Tests_iOS.swift in Sources */ = {isa = PBXBuildFile; fileRef = AF70B27F2700EF65007A78A3 /* Tests_iOS.swift */; };
		AF70B2822700EF65007A78A3 /* Tests_iOSLaunchTests.swift in Sources */ = {isa = PBXBuildFile; fileRef = AF70B2812700EF65007A78A3 /* Tests_iOSLaunchTests.swift */; };
		AF70B28C2700EF65007A78A3 /* Tests_macOS.swift in Sources */ = {isa = PBXBuildFile; fileRef = AF70B28B2700EF65007A78A3 /* Tests_macOS.swift */; };
		AF70B28E2700EF65007A78A3 /* Tests_macOSLaunchTests.swift in Sources */ = {isa = PBXBuildFile; fileRef = AF70B28D2700EF65007A78A3 /* Tests_macOSLaunchTests.swift */; };
		AF70B28F2700EF65007A78A3 /* InfiniteScrollApp.swift in Sources */ = {isa = PBXBuildFile; fileRef = AF70B2672700EF64007A78A3 /* InfiniteScrollApp.swift */; };
		AF70B2902700EF65007A78A3 /* InfiniteScrollApp.swift in Sources */ = {isa = PBXBuildFile; fileRef = AF70B2672700EF64007A78A3 /* InfiniteScrollApp.swift */; };
		AF70B2912700EF65007A78A3 /* ContentView.swift in Sources */ = {isa = PBXBuildFile; fileRef = AF70B2682700EF64007A78A3 /* ContentView.swift */; };
		AF70B2922700EF65007A78A3 /* ContentView.swift in Sources */ = {isa = PBXBuildFile; fileRef = AF70B2682700EF64007A78A3 /* ContentView.swift */; };
		AF70B2932700EF65007A78A3 /* Assets.xcassets in Resources */ = {isa = PBXBuildFile; fileRef = AF70B2692700EF65007A78A3 /* Assets.xcassets */; };
		AF70B2942700EF65007A78A3 /* Assets.xcassets in Resources */ = {isa = PBXBuildFile; fileRef = AF70B2692700EF65007A78A3 /* Assets.xcassets */; };
		AF70B2A42700EFBF007A78A3 /* SourceOfTruth.swift in Sources */ = {isa = PBXBuildFile; fileRef = AF70B2A32700EFBF007A78A3 /* SourceOfTruth.swift */; };
		AF70B2A52700EFBF007A78A3 /* SourceOfTruth.swift in Sources */ = {isa = PBXBuildFile; fileRef = AF70B2A32700EFBF007A78A3 /* SourceOfTruth.swift */; };
/* End PBXBuildFile section */

/* Begin PBXContainerItemProxy section */
		AF70B27C2700EF65007A78A3 /* PBXContainerItemProxy */ = {
			isa = PBXContainerItemProxy;
			containerPortal = AF70B2622700EF64007A78A3 /* Project object */;
			proxyType = 1;
			remoteGlobalIDString = AF70B26D2700EF65007A78A3;
			remoteInfo = "InfiniteScroll (iOS)";
		};
		AF70B2882700EF65007A78A3 /* PBXContainerItemProxy */ = {
			isa = PBXContainerItemProxy;
			containerPortal = AF70B2622700EF64007A78A3 /* Project object */;
			proxyType = 1;
			remoteGlobalIDString = AF70B2732700EF65007A78A3;
			remoteInfo = "InfiniteScroll (macOS)";
		};
/* End PBXContainerItemProxy section */

/* Begin PBXFileReference section */
		AF70B2672700EF64007A78A3 /* InfiniteScrollApp.swift */ = {isa = PBXFileReference; lastKnownFileType = sourcecode.swift; path = InfiniteScrollApp.swift; sourceTree = "<group>"; };
		AF70B2682700EF64007A78A3 /* ContentView.swift */ = {isa = PBXFileReference; lastKnownFileType = sourcecode.swift; path = ContentView.swift; sourceTree = "<group>"; };
		AF70B2692700EF65007A78A3 /* Assets.xcassets */ = {isa = PBXFileReference; lastKnownFileType = folder.assetcatalog; path = Assets.xcassets; sourceTree = "<group>"; };
		AF70B26E2700EF65007A78A3 /* InfiniteScroll.app */ = {isa = PBXFileReference; explicitFileType = wrapper.application; includeInIndex = 0; path = InfiniteScroll.app; sourceTree = BUILT_PRODUCTS_DIR; };
		AF70B2742700EF65007A78A3 /* InfiniteScroll.app */ = {isa = PBXFileReference; explicitFileType = wrapper.application; includeInIndex = 0; path = InfiniteScroll.app; sourceTree = BUILT_PRODUCTS_DIR; };
		AF70B2762700EF65007A78A3 /* macOS.entitlements */ = {isa = PBXFileReference; lastKnownFileType = text.plist.entitlements; path = macOS.entitlements; sourceTree = "<group>"; };
		AF70B27B2700EF65007A78A3 /* Tests iOS.xctest */ = {isa = PBXFileReference; explicitFileType = wrapper.cfbundle; includeInIndex = 0; path = "Tests iOS.xctest"; sourceTree = BUILT_PRODUCTS_DIR; };
		AF70B27F2700EF65007A78A3 /* Tests_iOS.swift */ = {isa = PBXFileReference; lastKnownFileType = sourcecode.swift; path = Tests_iOS.swift; sourceTree = "<group>"; };
		AF70B2812700EF65007A78A3 /* Tests_iOSLaunchTests.swift */ = {isa = PBXFileReference; lastKnownFileType = sourcecode.swift; path = Tests_iOSLaunchTests.swift; sourceTree = "<group>"; };
		AF70B2872700EF65007A78A3 /* Tests macOS.xctest */ = {isa = PBXFileReference; explicitFileType = wrapper.cfbundle; includeInIndex = 0; path = "Tests macOS.xctest"; sourceTree = BUILT_PRODUCTS_DIR; };
		AF70B28B2700EF65007A78A3 /* Tests_macOS.swift */ = {isa = PBXFileReference; lastKnownFileType = sourcecode.swift; path = Tests_macOS.swift; sourceTree = "<group>"; };
		AF70B28D2700EF65007A78A3 /* Tests_macOSLaunchTests.swift */ = {isa = PBXFileReference; lastKnownFileType = sourcecode.swift; path = Tests_macOSLaunchTests.swift; sourceTree = "<group>"; };
		AF70B2A32700EFBF007A78A3 /* SourceOfTruth.swift */ = {isa = PBXFileReference; lastKnownFileType = sourcecode.swift; path = SourceOfTruth.swift; sourceTree = "<group>"; };
/* End PBXFileReference section */

/* Begin PBXFrameworksBuildPhase section */
		AF70B26B2700EF65007A78A3 /* Frameworks */ = {
			isa = PBXFrameworksBuildPhase;
			buildActionMask = 2147483647;
			files = (
			);
			runOnlyForDeploymentPostprocessing = 0;
		};
		AF70B2712700EF65007A78A3 /* Frameworks */ = {
			isa = PBXFrameworksBuildPhase;
			buildActionMask = 2147483647;
			files = (
			);
			runOnlyForDeploymentPostprocessing = 0;
		};
		AF70B2782700EF65007A78A3 /* Frameworks */ = {
			isa = PBXFrameworksBuildPhase;
			buildActionMask = 2147483647;
			files = (
			);
			runOnlyForDeploymentPostprocessing = 0;
		};
		AF70B2842700EF65007A78A3 /* Frameworks */ = {
			isa = PBXFrameworksBuildPhase;
			buildActionMask = 2147483647;
			files = (
			);
			runOnlyForDeploymentPostprocessing = 0;
		};
/* End PBXFrameworksBuildPhase section */

/* Begin PBXGroup section */
		AF70B2612700EF64007A78A3 = {
			isa = PBXGroup;
			children = (
				AF70B2662700EF64007A78A3 /* Shared */,
				AF70B2752700EF65007A78A3 /* macOS */,
				AF70B27E2700EF65007A78A3 /* Tests iOS */,
				AF70B28A2700EF65007A78A3 /* Tests macOS */,
				AF70B26F2700EF65007A78A3 /* Products */,
			);
			sourceTree = "<group>";
		};
		AF70B2662700EF64007A78A3 /* Shared */ = {
			isa = PBXGroup;
			children = (
				AF70B2672700EF64007A78A3 /* InfiniteScrollApp.swift */,
				AF70B2682700EF64007A78A3 /* ContentView.swift */,
				AF70B2692700EF65007A78A3 /* Assets.xcassets */,
				AF70B2A32700EFBF007A78A3 /* SourceOfTruth.swift */,
			);
			path = Shared;
			sourceTree = "<group>";
		};
		AF70B26F2700EF65007A78A3 /* Products */ = {
			isa = PBXGroup;
			children = (
				AF70B26E2700EF65007A78A3 /* InfiniteScroll.app */,
				AF70B2742700EF65007A78A3 /* InfiniteScroll.app */,
				AF70B27B2700EF65007A78A3 /* Tests iOS.xctest */,
				AF70B2872700EF65007A78A3 /* Tests macOS.xctest */,
			);
			name = Products;
			sourceTree = "<group>";
		};
		AF70B2752700EF65007A78A3 /* macOS */ = {
			isa = PBXGroup;
			children = (
				AF70B2762700EF65007A78A3 /* macOS.entitlements */,
			);
			path = macOS;
			sourceTree = "<group>";
		};
		AF70B27E2700EF65007A78A3 /* Tests iOS */ = {
			isa = PBXGroup;
			children = (
				AF70B27F2700EF65007A78A3 /* Tests_iOS.swift */,
				AF70B2812700EF65007A78A3 /* Tests_iOSLaunchTests.swift */,
			);
			path = "Tests iOS";
			sourceTree = "<group>";
		};
		AF70B28A2700EF65007A78A3 /* Tests macOS */ = {
			isa = PBXGroup;
			children = (
				AF70B28B2700EF65007A78A3 /* Tests_macOS.swift */,
				AF70B28D2700EF65007A78A3 /* Tests_macOSLaunchTests.swift */,
			);
			path = "Tests macOS";
			sourceTree = "<group>";
		};
/* End PBXGroup section */

/* Begin PBXNativeTarget section */
		AF70B26D2700EF65007A78A3 /* InfiniteScroll (iOS) */ = {
			isa = PBXNativeTarget;
			buildConfigurationList = AF70B2972700EF65007A78A3 /* Build configuration list for PBXNativeTarget "InfiniteScroll (iOS)" */;
			buildPhases = (
				AF70B26A2700EF65007A78A3 /* Sources */,
				AF70B26B2700EF65007A78A3 /* Frameworks */,
				AF70B26C2700EF65007A78A3 /* Resources */,
			);
			buildRules = (
			);
			dependencies = (
			);
			name = "InfiniteScroll (iOS)";
			productName = "InfiniteScroll (iOS)";
			productReference = AF70B26E2700EF65007A78A3 /* InfiniteScroll.app */;
			productType = "com.apple.product-type.application";
		};
		AF70B2732700EF65007A78A3 /* InfiniteScroll (macOS) */ = {
			isa = PBXNativeTarget;
			buildConfigurationList = AF70B29A2700EF65007A78A3 /* Build configuration list for PBXNativeTarget "InfiniteScroll (macOS)" */;
			buildPhases = (
				AF70B2702700EF65007A78A3 /* Sources */,
				AF70B2712700EF65007A78A3 /* Frameworks */,
				AF70B2722700EF65007A78A3 /* Resources */,
			);
			buildRules = (
			);
			dependencies = (
			);
			name = "InfiniteScroll (macOS)";
			productName = "InfiniteScroll (macOS)";
			productReference = AF70B2742700EF65007A78A3 /* InfiniteScroll.app */;
			productType = "com.apple.product-type.application";
		};
		AF70B27A2700EF65007A78A3 /* Tests iOS */ = {
			isa = PBXNativeTarget;
			buildConfigurationList = AF70B29D2700EF65007A78A3 /* Build configuration list for PBXNativeTarget "Tests iOS" */;
			buildPhases = (
				AF70B2772700EF65007A78A3 /* Sources */,
				AF70B2782700EF65007A78A3 /* Frameworks */,
				AF70B2792700EF65007A78A3 /* Resources */,
			);
			buildRules = (
			);
			dependencies = (
				AF70B27D2700EF65007A78A3 /* PBXTargetDependency */,
			);
			name = "Tests iOS";
			productName = "Tests iOS";
			productReference = AF70B27B2700EF65007A78A3 /* Tests iOS.xctest */;
			productType = "com.apple.product-type.bundle.ui-testing";
		};
		AF70B2862700EF65007A78A3 /* Tests macOS */ = {
			isa = PBXNativeTarget;
			buildConfigurationList = AF70B2A02700EF65007A78A3 /* Build configuration list for PBXNativeTarget "Tests macOS" */;
			buildPhases = (
				AF70B2832700EF65007A78A3 /* Sources */,
				AF70B2842700EF65007A78A3 /* Frameworks */,
				AF70B2852700EF65007A78A3 /* Resources */,
			);
			buildRules = (
			);
			dependencies = (
				AF70B2892700EF65007A78A3 /* PBXTargetDependency */,
			);
			name = "Tests macOS";
			productName = "Tests macOS";
			productReference = AF70B2872700EF65007A78A3 /* Tests macOS.xctest */;
			productType = "com.apple.product-type.bundle.ui-testing";
		};
/* End PBXNativeTarget section */

/* Begin PBXProject section */
		AF70B2622700EF64007A78A3 /* Project object */ = {
			isa = PBXProject;
			attributes = {
				BuildIndependentTargetsInParallel = 1;
				LastSwiftUpdateCheck = 1300;
				LastUpgradeCheck = 1300;
				TargetAttributes = {
					AF70B26D2700EF65007A78A3 = {
						CreatedOnToolsVersion = 13.0;
					};
					AF70B2732700EF65007A78A3 = {
						CreatedOnToolsVersion = 13.0;
					};
					AF70B27A2700EF65007A78A3 = {
						CreatedOnToolsVersion = 13.0;
						TestTargetID = AF70B26D2700EF65007A78A3;
					};
					AF70B2862700EF65007A78A3 = {
						CreatedOnToolsVersion = 13.0;
						TestTargetID = AF70B2732700EF65007A78A3;
					};
				};
			};
			buildConfigurationList = AF70B2652700EF64007A78A3 /* Build configuration list for PBXProject "InfiniteScroll" */;
			compatibilityVersion = "Xcode 13.0";
			developmentRegion = en;
			hasScannedForEncodings = 0;
			knownRegions = (
				en,
				Base,
			);
			mainGroup = AF70B2612700EF64007A78A3;
			productRefGroup = AF70B26F2700EF65007A78A3 /* Products */;
			projectDirPath = "";
			projectRoot = "";
			targets = (
				AF70B26D2700EF65007A78A3 /* InfiniteScroll (iOS) */,
				AF70B2732700EF65007A78A3 /* InfiniteScroll (macOS) */,
				AF70B27A2700EF65007A78A3 /* Tests iOS */,
				AF70B2862700EF65007A78A3 /* Tests macOS */,
			);
		};
/* End PBXProject section */

/* Begin PBXResourcesBuildPhase section */
		AF70B26C2700EF65007A78A3 /* Resources */ = {
			isa = PBXResourcesBuildPhase;
			buildActionMask = 2147483647;
			files = (
				AF70B2932700EF65007A78A3 /* Assets.xcassets in Resources */,
			);
			runOnlyForDeploymentPostprocessing = 0;
		};
		AF70B2722700EF65007A78A3 /* Resources */ = {
			isa = PBXResourcesBuildPhase;
			buildActionMask = 2147483647;
			files = (
				AF70B2942700EF65007A78A3 /* Assets.xcassets in Resources */,
			);
			runOnlyForDeploymentPostprocessing = 0;
		};
		AF70B2792700EF65007A78A3 /* Resources */ = {
			isa = PBXResourcesBuildPhase;
			buildActionMask = 2147483647;
			files = (
			);
			runOnlyForDeploymentPostprocessing = 0;
		};
		AF70B2852700EF65007A78A3 /* Resources */ = {
			isa = PBXResourcesBuildPhase;
			buildActionMask = 2147483647;
			files = (
			);
			runOnlyForDeploymentPostprocessing = 0;
		};
/* End PBXResourcesBuildPhase section */

/* Begin PBXSourcesBuildPhase section */
		AF70B26A2700EF65007A78A3 /* Sources */ = {
			isa = PBXSourcesBuildPhase;
			buildActionMask = 2147483647;
			files = (
				AF70B2912700EF65007A78A3 /* ContentView.swift in Sources */,
				AF70B28F2700EF65007A78A3 /* InfiniteScrollApp.swift in Sources */,
				AF70B2A42700EFBF007A78A3 /* SourceOfTruth.swift in Sources */,
			);
			runOnlyForDeploymentPostprocessing = 0;
		};
		AF70B2702700EF65007A78A3 /* Sources */ = {
			isa = PBXSourcesBuildPhase;
			buildActionMask = 2147483647;
			files = (
				AF70B2922700EF65007A78A3 /* ContentView.swift in Sources */,
				AF70B2902700EF65007A78A3 /* InfiniteScrollApp.swift in Sources */,
				AF70B2A52700EFBF007A78A3 /* SourceOfTruth.swift in Sources */,
			);
			runOnlyForDeploymentPostprocessing = 0;
		};
		AF70B2772700EF65007A78A3 /* Sources */ = {
			isa = PBXSourcesBuildPhase;
			buildActionMask = 2147483647;
			files = (
				AF70B2822700EF65007A78A3 /* Tests_iOSLaunchTests.swift in Sources */,
				AF70B2802700EF65007A78A3 /* Tests_iOS.swift in Sources */,
			);
			runOnlyForDeploymentPostprocessing = 0;
		};
		AF70B2832700EF65007A78A3 /* Sources */ = {
			isa = PBXSourcesBuildPhase;
			buildActionMask = 2147483647;
			files = (
				AF70B28E2700EF65007A78A3 /* Tests_macOSLaunchTests.swift in Sources */,
				AF70B28C2700EF65007A78A3 /* Tests_macOS.swift in Sources */,
			);
			runOnlyForDeploymentPostprocessing = 0;
		};
/* End PBXSourcesBuildPhase section */

/* Begin PBXTargetDependency section */
		AF70B27D2700EF65007A78A3 /* PBXTargetDependency */ = {
			isa = PBXTargetDependency;
			target = AF70B26D2700EF65007A78A3 /* InfiniteScroll (iOS) */;
			targetProxy = AF70B27C2700EF65007A78A3 /* PBXContainerItemProxy */;
		};
		AF70B2892700EF65007A78A3 /* PBXTargetDependency */ = {
			isa = PBXTargetDependency;
			target = AF70B2732700EF65007A78A3 /* InfiniteScroll (macOS) */;
			targetProxy = AF70B2882700EF65007A78A3 /* PBXContainerItemProxy */;
		};
/* End PBXTargetDependency section */

/* Begin XCBuildConfiguration section */
		AF70B2952700EF65007A78A3 /* Debug */ = {
			isa = XCBuildConfiguration;
			buildSettings = {
				ALWAYS_SEARCH_USER_PATHS = NO;
				CLANG_ANALYZER_NONNULL = YES;
				CLANG_ANALYZER_NUMBER_OBJECT_CONVERSION = YES_AGGRESSIVE;
				CLANG_CXX_LANGUAGE_STANDARD = "gnu++17";
				CLANG_CXX_LIBRARY = "libc++";
				CLANG_ENABLE_MODULES = YES;
				CLANG_ENABLE_OBJC_ARC = YES;
				CLANG_ENABLE_OBJC_WEAK = YES;
				CLANG_WARN_BLOCK_CAPTURE_AUTORELEASING = YES;
				CLANG_WARN_BOOL_CONVERSION = YES;
				CLANG_WARN_COMMA = YES;
				CLANG_WARN_CONSTANT_CONVERSION = YES;
				CLANG_WARN_DEPRECATED_OBJC_IMPLEMENTATIONS = YES;
				CLANG_WARN_DIRECT_OBJC_ISA_USAGE = YES_ERROR;
				CLANG_WARN_DOCUMENTATION_COMMENTS = YES;
				CLANG_WARN_EMPTY_BODY = YES;
				CLANG_WARN_ENUM_CONVERSION = YES;
				CLANG_WARN_INFINITE_RECURSION = YES;
				CLANG_WARN_INT_CONVERSION = YES;
				CLANG_WARN_NON_LITERAL_NULL_CONVERSION = YES;
				CLANG_WARN_OBJC_IMPLICIT_RETAIN_SELF = YES;
				CLANG_WARN_OBJC_LITERAL_CONVERSION = YES;
				CLANG_WARN_OBJC_ROOT_CLASS = YES_ERROR;
				CLANG_WARN_QUOTED_INCLUDE_IN_FRAMEWORK_HEADER = YES;
				CLANG_WARN_RANGE_LOOP_ANALYSIS = YES;
				CLANG_WARN_STRICT_PROTOTYPES = YES;
				CLANG_WARN_SUSPICIOUS_MOVE = YES;
				CLANG_WARN_UNGUARDED_AVAILABILITY = YES_AGGRESSIVE;
				CLANG_WARN_UNREACHABLE_CODE = YES;
				CLANG_WARN__DUPLICATE_METHOD_MATCH = YES;
				COPY_PHASE_STRIP = NO;
				DEBUG_INFORMATION_FORMAT = dwarf;
				ENABLE_STRICT_OBJC_MSGSEND = YES;
				ENABLE_TESTABILITY = YES;
				GCC_C_LANGUAGE_STANDARD = gnu11;
				GCC_DYNAMIC_NO_PIC = NO;
				GCC_NO_COMMON_BLOCKS = YES;
				GCC_OPTIMIZATION_LEVEL = 0;
				GCC_PREPROCESSOR_DEFINITIONS = (
					"DEBUG=1",
					"$(inherited)",
				);
				GCC_WARN_64_TO_32_BIT_CONVERSION = YES;
				GCC_WARN_ABOUT_RETURN_TYPE = YES_ERROR;
				GCC_WARN_UNDECLARED_SELECTOR = YES;
				GCC_WARN_UNINITIALIZED_AUTOS = YES_AGGRESSIVE;
				GCC_WARN_UNUSED_FUNCTION = YES;
				GCC_WARN_UNUSED_VARIABLE = YES;
				MTL_ENABLE_DEBUG_INFO = INCLUDE_SOURCE;
				MTL_FAST_MATH = YES;
				ONLY_ACTIVE_ARCH = YES;
				SWIFT_ACTIVE_COMPILATION_CONDITIONS = DEBUG;
				SWIFT_OPTIMIZATION_LEVEL = "-Onone";
			};
			name = Debug;
		};
		AF70B2962700EF65007A78A3 /* Release */ = {
			isa = XCBuildConfiguration;
			buildSettings = {
				ALWAYS_SEARCH_USER_PATHS = NO;
				CLANG_ANALYZER_NONNULL = YES;
				CLANG_ANALYZER_NUMBER_OBJECT_CONVERSION = YES_AGGRESSIVE;
				CLANG_CXX_LANGUAGE_STANDARD = "gnu++17";
				CLANG_CXX_LIBRARY = "libc++";
				CLANG_ENABLE_MODULES = YES;
				CLANG_ENABLE_OBJC_ARC = YES;
				CLANG_ENABLE_OBJC_WEAK = YES;
				CLANG_WARN_BLOCK_CAPTURE_AUTORELEASING = YES;
				CLANG_WARN_BOOL_CONVERSION = YES;
				CLANG_WARN_COMMA = YES;
				CLANG_WARN_CONSTANT_CONVERSION = YES;
				CLANG_WARN_DEPRECATED_OBJC_IMPLEMENTATIONS = YES;
				CLANG_WARN_DIRECT_OBJC_ISA_USAGE = YES_ERROR;
				CLANG_WARN_DOCUMENTATION_COMMENTS = YES;
				CLANG_WARN_EMPTY_BODY = YES;
				CLANG_WARN_ENUM_CONVERSION = YES;
				CLANG_WARN_INFINITE_RECURSION = YES;
				CLANG_WARN_INT_CONVERSION = YES;
				CLANG_WARN_NON_LITERAL_NULL_CONVERSION = YES;
				CLANG_WARN_OBJC_IMPLICIT_RETAIN_SELF = YES;
				CLANG_WARN_OBJC_LITERAL_CONVERSION = YES;
				CLANG_WARN_OBJC_ROOT_CLASS = YES_ERROR;
				CLANG_WARN_QUOTED_INCLUDE_IN_FRAMEWORK_HEADER = YES;
				CLANG_WARN_RANGE_LOOP_ANALYSIS = YES;
				CLANG_WARN_STRICT_PROTOTYPES = YES;
				CLANG_WARN_SUSPICIOUS_MOVE = YES;
				CLANG_WARN_UNGUARDED_AVAILABILITY = YES_AGGRESSIVE;
				CLANG_WARN_UNREACHABLE_CODE = YES;
				CLANG_WARN__DUPLICATE_METHOD_MATCH = YES;
				COPY_PHASE_STRIP = NO;
				DEBUG_INFORMATION_FORMAT = "dwarf-with-dsym";
				ENABLE_NS_ASSERTIONS = NO;
				ENABLE_STRICT_OBJC_MSGSEND = YES;
				GCC_C_LANGUAGE_STANDARD = gnu11;
				GCC_NO_COMMON_BLOCKS = YES;
				GCC_WARN_64_TO_32_BIT_CONVERSION = YES;
				GCC_WARN_ABOUT_RETURN_TYPE = YES_ERROR;
				GCC_WARN_UNDECLARED_SELECTOR = YES;
				GCC_WARN_UNINITIALIZED_AUTOS = YES_AGGRESSIVE;
				GCC_WARN_UNUSED_FUNCTION = YES;
				GCC_WARN_UNUSED_VARIABLE = YES;
				MTL_ENABLE_DEBUG_INFO = NO;
				MTL_FAST_MATH = YES;
				SWIFT_COMPILATION_MODE = wholemodule;
				SWIFT_OPTIMIZATION_LEVEL = "-O";
			};
			name = Release;
		};
		AF70B2982700EF65007A78A3 /* Debug */ = {
			isa = XCBuildConfiguration;
			buildSettings = {
				ASSETCATALOG_COMPILER_APPICON_NAME = AppIcon;
				ASSETCATALOG_COMPILER_GLOBAL_ACCENT_COLOR_NAME = AccentColor;
				CODE_SIGN_STYLE = Automatic;
				CURRENT_PROJECT_VERSION = 1;
				DEVELOPMENT_TEAM = SE2J8FMNA2;
				ENABLE_PREVIEWS = YES;
				GENERATE_INFOPLIST_FILE = YES;
				INFOPLIST_KEY_UIApplicationSceneManifest_Generation = YES;
				INFOPLIST_KEY_UIApplicationSupportsIndirectInputEvents = YES;
				INFOPLIST_KEY_UILaunchScreen_Generation = YES;
				INFOPLIST_KEY_UISupportedInterfaceOrientations_iPad = "UIInterfaceOrientationPortrait UIInterfaceOrientationPortraitUpsideDown UIInterfaceOrientationLandscapeLeft UIInterfaceOrientationLandscapeRight";
				INFOPLIST_KEY_UISupportedInterfaceOrientations_iPhone = "UIInterfaceOrientationPortrait UIInterfaceOrientationLandscapeLeft UIInterfaceOrientationLandscapeRight";
				IPHONEOS_DEPLOYMENT_TARGET = 14.0;
				LD_RUNPATH_SEARCH_PATHS = (
					"$(inherited)",
					"@executable_path/Frameworks",
				);
				MARKETING_VERSION = 1.0;
				PRODUCT_BUNDLE_IDENTIFIER = com.thiagolovatine.InfiniteScroll;
				PRODUCT_NAME = InfiniteScroll;
				SDKROOT = iphoneos;
				SWIFT_EMIT_LOC_STRINGS = YES;
				SWIFT_VERSION = 5.0;
				TARGETED_DEVICE_FAMILY = "1,2";
			};
			name = Debug;
		};
		AF70B2992700EF65007A78A3 /* Release */ = {
			isa = XCBuildConfiguration;
			buildSettings = {
				ASSETCATALOG_COMPILER_APPICON_NAME = AppIcon;
				ASSETCATALOG_COMPILER_GLOBAL_ACCENT_COLOR_NAME = AccentColor;
				CODE_SIGN_STYLE = Automatic;
				CURRENT_PROJECT_VERSION = 1;
				DEVELOPMENT_TEAM = SE2J8FMNA2;
				ENABLE_PREVIEWS = YES;
				GENERATE_INFOPLIST_FILE = YES;
				INFOPLIST_KEY_UIApplicationSceneManifest_Generation = YES;
				INFOPLIST_KEY_UIApplicationSupportsIndirectInputEvents = YES;
				INFOPLIST_KEY_UILaunchScreen_Generation = YES;
				INFOPLIST_KEY_UISupportedInterfaceOrientations_iPad = "UIInterfaceOrientationPortrait UIInterfaceOrientationPortraitUpsideDown UIInterfaceOrientationLandscapeLeft UIInterfaceOrientationLandscapeRight";
				INFOPLIST_KEY_UISupportedInterfaceOrientations_iPhone = "UIInterfaceOrientationPortrait UIInterfaceOrientationLandscapeLeft UIInterfaceOrientationLandscapeRight";
				IPHONEOS_DEPLOYMENT_TARGET = 14.0;
				LD_RUNPATH_SEARCH_PATHS = (
					"$(inherited)",
					"@executable_path/Frameworks",
				);
				MARKETING_VERSION = 1.0;
				PRODUCT_BUNDLE_IDENTIFIER = com.thiagolovatine.InfiniteScroll;
				PRODUCT_NAME = InfiniteScroll;
				SDKROOT = iphoneos;
				SWIFT_EMIT_LOC_STRINGS = YES;
				SWIFT_VERSION = 5.0;
				TARGETED_DEVICE_FAMILY = "1,2";
				VALIDATE_PRODUCT = YES;
			};
			name = Release;
		};
		AF70B29B2700EF65007A78A3 /* Debug */ = {
			isa = XCBuildConfiguration;
			buildSettings = {
				ASSETCATALOG_COMPILER_APPICON_NAME = AppIcon;
				ASSETCATALOG_COMPILER_GLOBAL_ACCENT_COLOR_NAME = AccentColor;
				CODE_SIGN_ENTITLEMENTS = macOS/macOS.entitlements;
				CODE_SIGN_STYLE = Automatic;
				COMBINE_HIDPI_IMAGES = YES;
				CURRENT_PROJECT_VERSION = 1;
				DEVELOPMENT_TEAM = SE2J8FMNA2;
				ENABLE_HARDENED_RUNTIME = YES;
				ENABLE_PREVIEWS = YES;
				GENERATE_INFOPLIST_FILE = YES;
				INFOPLIST_KEY_NSHumanReadableCopyright = "";
				LD_RUNPATH_SEARCH_PATHS = (
					"$(inherited)",
					"@executable_path/../Frameworks",
				);
				MACOSX_DEPLOYMENT_TARGET = 11.0;
				MARKETING_VERSION = 1.0;
				PRODUCT_BUNDLE_IDENTIFIER = com.thiagolovatine.InfiniteScroll;
				PRODUCT_NAME = InfiniteScroll;
				SDKROOT = macosx;
				SWIFT_EMIT_LOC_STRINGS = YES;
				SWIFT_VERSION = 5.0;
			};
			name = Debug;
		};
		AF70B29C2700EF65007A78A3 /* Release */ = {
			isa = XCBuildConfiguration;
			buildSettings = {
				ASSETCATALOG_COMPILER_APPICON_NAME = AppIcon;
				ASSETCATALOG_COMPILER_GLOBAL_ACCENT_COLOR_NAME = AccentColor;
				CODE_SIGN_ENTITLEMENTS = macOS/macOS.entitlements;
				CODE_SIGN_STYLE = Automatic;
				COMBINE_HIDPI_IMAGES = YES;
				CURRENT_PROJECT_VERSION = 1;
				DEVELOPMENT_TEAM = SE2J8FMNA2;
				ENABLE_HARDENED_RUNTIME = YES;
				ENABLE_PREVIEWS = YES;
				GENERATE_INFOPLIST_FILE = YES;
				INFOPLIST_KEY_NSHumanReadableCopyright = "";
				LD_RUNPATH_SEARCH_PATHS = (
					"$(inherited)",
					"@executable_path/../Frameworks",
				);
				MACOSX_DEPLOYMENT_TARGET = 11.0;
				MARKETING_VERSION = 1.0;
				PRODUCT_BUNDLE_IDENTIFIER = com.thiagolovatine.InfiniteScroll;
				PRODUCT_NAME = InfiniteScroll;
				SDKROOT = macosx;
				SWIFT_EMIT_LOC_STRINGS = YES;
				SWIFT_VERSION = 5.0;
			};
			name = Release;
		};
		AF70B29E2700EF65007A78A3 /* Debug */ = {
			isa = XCBuildConfiguration;
			buildSettings = {
				ALWAYS_EMBED_SWIFT_STANDARD_LIBRARIES = YES;
				CODE_SIGN_STYLE = Automatic;
				CURRENT_PROJECT_VERSION = 1;
				DEVELOPMENT_TEAM = SE2J8FMNA2;
				GENERATE_INFOPLIST_FILE = YES;
				IPHONEOS_DEPLOYMENT_TARGET = 15.0;
				LD_RUNPATH_SEARCH_PATHS = (
					"$(inherited)",
					"@executable_path/Frameworks",
					"@loader_path/Frameworks",
				);
				MARKETING_VERSION = 1.0;
				PRODUCT_BUNDLE_IDENTIFIER = "com.thiagolovatine.Tests-iOS";
				PRODUCT_NAME = "$(TARGET_NAME)";
				SDKROOT = iphoneos;
				SWIFT_EMIT_LOC_STRINGS = NO;
				SWIFT_VERSION = 5.0;
				TARGETED_DEVICE_FAMILY = "1,2";
				TEST_TARGET_NAME = "InfiniteScroll (iOS)";
			};
			name = Debug;
		};
		AF70B29F2700EF65007A78A3 /* Release */ = {
			isa = XCBuildConfiguration;
			buildSettings = {
				ALWAYS_EMBED_SWIFT_STANDARD_LIBRARIES = YES;
				CODE_SIGN_STYLE = Automatic;
				CURRENT_PROJECT_VERSION = 1;
				DEVELOPMENT_TEAM = SE2J8FMNA2;
				GENERATE_INFOPLIST_FILE = YES;
				IPHONEOS_DEPLOYMENT_TARGET = 15.0;
				LD_RUNPATH_SEARCH_PATHS = (
					"$(inherited)",
					"@executable_path/Frameworks",
					"@loader_path/Frameworks",
				);
				MARKETING_VERSION = 1.0;
				PRODUCT_BUNDLE_IDENTIFIER = "com.thiagolovatine.Tests-iOS";
				PRODUCT_NAME = "$(TARGET_NAME)";
				SDKROOT = iphoneos;
				SWIFT_EMIT_LOC_STRINGS = NO;
				SWIFT_VERSION = 5.0;
				TARGETED_DEVICE_FAMILY = "1,2";
				TEST_TARGET_NAME = "InfiniteScroll (iOS)";
				VALIDATE_PRODUCT = YES;
			};
			name = Release;
		};
		AF70B2A12700EF65007A78A3 /* Debug */ = {
			isa = XCBuildConfiguration;
			buildSettings = {
				ALWAYS_EMBED_SWIFT_STANDARD_LIBRARIES = YES;
				CODE_SIGN_STYLE = Automatic;
				COMBINE_HIDPI_IMAGES = YES;
				CURRENT_PROJECT_VERSION = 1;
				DEVELOPMENT_TEAM = SE2J8FMNA2;
				GENERATE_INFOPLIST_FILE = YES;
				LD_RUNPATH_SEARCH_PATHS = (
					"$(inherited)",
					"@executable_path/../Frameworks",
					"@loader_path/../Frameworks",
				);
				MACOSX_DEPLOYMENT_TARGET = 11.3;
				MARKETING_VERSION = 1.0;
				PRODUCT_BUNDLE_IDENTIFIER = "com.thiagolovatine.Tests-macOS";
				PRODUCT_NAME = "$(TARGET_NAME)";
				SDKROOT = macosx;
				SWIFT_EMIT_LOC_STRINGS = NO;
				SWIFT_VERSION = 5.0;
				TEST_TARGET_NAME = "InfiniteScroll (macOS)";
			};
			name = Debug;
		};
		AF70B2A22700EF65007A78A3 /* Release */ = {
			isa = XCBuildConfiguration;
			buildSettings = {
				ALWAYS_EMBED_SWIFT_STANDARD_LIBRARIES = YES;
				CODE_SIGN_STYLE = Automatic;
				COMBINE_HIDPI_IMAGES = YES;
				CURRENT_PROJECT_VERSION = 1;
				DEVELOPMENT_TEAM = SE2J8FMNA2;
				GENERATE_INFOPLIST_FILE = YES;
				LD_RUNPATH_SEARCH_PATHS = (
					"$(inherited)",
					"@executable_path/../Frameworks",
					"@loader_path/../Frameworks",
				);
				MACOSX_DEPLOYMENT_TARGET = 11.3;
				MARKETING_VERSION = 1.0;
				PRODUCT_BUNDLE_IDENTIFIER = "com.thiagolovatine.Tests-macOS";
				PRODUCT_NAME = "$(TARGET_NAME)";
				SDKROOT = macosx;
				SWIFT_EMIT_LOC_STRINGS = NO;
				SWIFT_VERSION = 5.0;
				TEST_TARGET_NAME = "InfiniteScroll (macOS)";
			};
			name = Release;
		};
/* End XCBuildConfiguration section */

/* Begin XCConfigurationList section */
		AF70B2652700EF64007A78A3 /* Build configuration list for PBXProject "InfiniteScroll" */ = {
			isa = XCConfigurationList;
			buildConfigurations = (
				AF70B2952700EF65007A78A3 /* Debug */,
				AF70B2962700EF65007A78A3 /* Release */,
			);
			defaultConfigurationIsVisible = 0;
			defaultConfigurationName = Release;
		};
		AF70B2972700EF65007A78A3 /* Build configuration list for PBXNativeTarget "InfiniteScroll (iOS)" */ = {
			isa = XCConfigurationList;
			buildConfigurations = (
				AF70B2982700EF65007A78A3 /* Debug */,
				AF70B2992700EF65007A78A3 /* Release */,
			);
			defaultConfigurationIsVisible = 0;
			defaultConfigurationName = Release;
		};
		AF70B29A2700EF65007A78A3 /* Build configuration list for PBXNativeTarget "InfiniteScroll (macOS)" */ = {
			isa = XCConfigurationList;
			buildConfigurations = (
				AF70B29B2700EF65007A78A3 /* Debug */,
				AF70B29C2700EF65007A78A3 /* Release */,
			);
			defaultConfigurationIsVisible = 0;
			defaultConfigurationName = Release;
		};
		AF70B29D2700EF65007A78A3 /* Build configuration list for PBXNativeTarget "Tests iOS" */ = {
			isa = XCConfigurationList;
			buildConfigurations = (
				AF70B29E2700EF65007A78A3 /* Debug */,
				AF70B29F2700EF65007A78A3 /* Release */,
			);
			defaultConfigurationIsVisible = 0;
			defaultConfigurationName = Release;
		};
		AF70B2A02700EF65007A78A3 /* Build configuration list for PBXNativeTarget "Tests macOS" */ = {
			isa = XCConfigurationList;
			buildConfigurations = (
				AF70B2A12700EF65007A78A3 /* Debug */,
				AF70B2A22700EF65007A78A3 /* Release */,
			);
			defaultConfigurationIsVisible = 0;
			defaultConfigurationName = Release;
		};
/* End XCConfigurationList section */
	};
	rootObject = AF70B2622700EF64007A78A3 /* Project object */;
}
